
Microsoft Visual Studio Solution File, Format Version 12.00
# Visual Studio Version 17
VisualStudioVersion = 17.0.32014.148
MinimumVisualStudioVersion = 10.0.40219.1
Project("{FAE04EC0-301F-11D3-BF4B-00C04F79EFBC}") = "nthElementInArray", "nthElementInArray\nthElementInArray.csproj", "{C90A0C9D-EC6A-451F-AB61-E53A2A3EB873}"
EndProject
Global
	GlobalSection(SolutionConfigurationPlatforms) = preSolution
		Debug|Any CPU = Debug|Any CPU
		Release|Any CPU = Release|Any CPU
	EndGlobalSection
	GlobalSection(ProjectConfigurationPlatforms) = postSolution
		{C90A0C9D-EC6A-451F-AB61-E53A2A3EB873}.Debug|Any CPU.ActiveCfg = Debug|Any CPU
		{C90A0C9D-EC6A-451F-AB61-E53A2A3EB873}.Debug|Any CPU.Build.0 = Debug|Any CPU
		{C90A0C9D-EC6A-451F-AB61-E53A2A3EB873}.Release|Any CPU.ActiveCfg = Release|Any CPU
		{C90A0C9D-EC6A-451F-AB61-E53A2A3EB873}.Release|Any CPU.Build.0 = Release|Any CPU
	EndGlobalSection
	GlobalSection(SolutionProperties) = preSolution
		HideSolutionNode = FALSE
	EndGlobalSection
	GlobalSection(ExtensibilityGlobals) = postSolution
		SolutionGuid = {5CD057B2-330D-4FD7-A771-453D34980F25}
	EndGlobalSection
EndGlobal
