
Microsoft Visual Studio Solution File, Format Version 12.00
# Visual Studio Version 17
VisualStudioVersion = 17.0.32112.339
MinimumVisualStudioVersion = 10.0.40219.1
Project("{FAE04EC0-301F-11D3-BF4B-00C04F79EFBC}") = "BankingConfig", "BankingConfig.csproj", "{AFABE4D5-E5BD-442F-B2B9-4781D3B76E88}"
EndProject
Global
	GlobalSection(SolutionConfigurationPlatforms) = preSolution
		Debug|Any CPU = Debug|Any CPU
		Release|Any CPU = Release|Any CPU
	EndGlobalSection
	GlobalSection(ProjectConfigurationPlatforms) = postSolution
		{AFABE4D5-E5BD-442F-B2B9-4781D3B76E88}.Debug|Any CPU.ActiveCfg = Debug|Any CPU
		{AFABE4D5-E5BD-442F-B2B9-4781D3B76E88}.Debug|Any CPU.Build.0 = Debug|Any CPU
		{AFABE4D5-E5BD-442F-B2B9-4781D3B76E88}.Release|Any CPU.ActiveCfg = Release|Any CPU
		{AFABE4D5-E5BD-442F-B2B9-4781D3B76E88}.Release|Any CPU.Build.0 = Release|Any CPU
	EndGlobalSection
	GlobalSection(SolutionProperties) = preSolution
		HideSolutionNode = FALSE
	EndGlobalSection
	GlobalSection(ExtensibilityGlobals) = postSolution
		SolutionGuid = {829E917B-084C-4445-9E01-50C11ACBF31A}
	EndGlobalSection
EndGlobal
